<?xml version="1.0" encoding="utf-8"?>
<Project ToolsVersion="4.0" xmlns="http://schemas.microsoft.com/developer/msbuild/2003">
  <ItemGroup>
    <Filter Include="Source Files">
      <UniqueIdentifier>{c2e5b50e-b2ef-4d7f-8580-181cae7551ef}</UniqueIdentifier>
      <Extensions>cpp;c;cxx;rc;def;r;odl;idl;hpj;bat</Extensions>
    </Filter>
    <Filter Include="Header Files">
      <UniqueIdentifier>{043259f2-76e2-49f5-817d-8443dadaf4c0}</UniqueIdentifier>
      <Extensions>h;hpp;hxx;hm;inl</Extensions>
    </Filter>
    <Filter Include="Resource Files">
      <UniqueIdentifier>{940dbc26-0d26-41d4-9a94-ccfe1b7b19e4}</UniqueIdentifier>
      <Extensions>ico;cur;bmp;dlg;rc2;rct;bin;rgs;gif;jpg;jpeg;jpe</Extensions>
    </Filter>
    <Filter Include="Libraries">
      <UniqueIdentifier>{684cde3f-add7-4055-bb91-1989616d5273}</UniqueIdentifier>
    </Filter>
  </ItemGroup>
  <ItemGroup>
    <ClCompile Include="DATANET.cpp">
      <Filter>Source Files</Filter>
    </ClCompile>
    <ClCompile Include="dndesx.c">
      <Filter>Source Files</Filter>
    </ClCompile>
    <ClCompile Include="DPS8583.cpp">
      <Filter>Source Files</Filter>
    </ClCompile>
    <ClCompile Include="..\DPCISO\Msgtrk.cpp">
      <Filter>Source Files</Filter>
    </ClCompile>
    <ClCompile Include="ODBCDNET.cpp">
      <Filter>Source Files</Filter>
    </ClCompile>
    <ClCompile Include="PROCTRX.cpp">
      <Filter>Source Files</Filter>
    </ClCompile>
    <ClCompile Include="..\XMLTrx\RPCCONNE.cpp">
      <Filter>Source Files</Filter>
    </ClCompile>
    <ClCompile Include="..\XMLTrx\RPCLib.cpp">
      <Filter>Source Files</Filter>
    </ClCompile>
    <ClCompile Include="..\XMLTrx\RPCODBC.cpp">
      <Filter>Source Files</Filter>
    </ClCompile>
    <ClCompile Include="..\Dpciso\Saf.cpp">
      <Filter>Source Files</Filter>
    </ClCompile>
    <ClCompile Include="TRXBATCH.cpp">
      <Filter>Source Files</Filter>
    </ClCompile>
    <ClCompile Include="TRXBTF.cpp">
      <Filter>Source Files</Filter>
    </ClCompile>
    <ClCompile Include="TRXCINIT.cpp">
      <Filter>Source Files</Filter>
    </ClCompile>
    <ClCompile Include="TRXDNET.cpp">
      <Filter>Source Files</Filter>
    </ClCompile>
    <ClCompile Include="TRXFAuth.cpp">
      <Filter>Source Files</Filter>
    </ClCompile>
  </ItemGroup>
  <ItemGroup>
    <ClInclude Include="..\QUSRINC\databatc.h">
      <Filter>Header Files</Filter>
    </ClInclude>
    <ClInclude Include="..\QUSRINC\datanet.h">
      <Filter>Header Files</Filter>
    </ClInclude>
    <ClInclude Include="..\QUSRINC\dnetbcra.h">
      <Filter>Header Files</Filter>
    </ClInclude>
    <ClInclude Include="..\QUSRINC\dpcsys.h">
      <Filter>Header Files</Filter>
    </ClInclude>
    <ClInclude Include="..\Qusrinc\extrctst.h">
      <Filter>Header Files</Filter>
    </ClInclude>
    <ClInclude Include="..\Qusrinc\odbcdnet.h">
      <Filter>Header Files</Filter>
    </ClInclude>
    <ClInclude Include="..\Qusrinc\RpcLib.h">
      <Filter>Header Files</Filter>
    </ClInclude>
    <ClInclude Include="..\QUSRINC\trxdnet.h">
      <Filter>Header Files</Filter>
    </ClInclude>
  </ItemGroup>
  <ItemGroup>
    <None Include="bitmap1.bmp">
      <Filter>Resource Files</Filter>
    </None>
    <None Include="icon1.ico">
      <Filter>Resource Files</Filter>
    </None>
  </ItemGroup>
  <ItemGroup>
    <ResourceCompile Include="datanet.rc">
      <Filter>Resource Files</Filter>
    </ResourceCompile>
  </ItemGroup>
  <ItemGroup>
    <Library Include="..\XMLTrx\WSock32.Lib">
      <Filter>Libraries</Filter>
    </Library>
  </ItemGroup>
</Project>