<?xml version="1.0" encoding="utf-8"?>
<Project ToolsVersion="4.0" xmlns="http://schemas.microsoft.com/developer/msbuild/2003">
  <ItemGroup>
    <Filter Include="Source Files">
      <UniqueIdentifier>{01d024ce-eaf5-4a9b-841e-579d515b4ce0}</UniqueIdentifier>
      <Extensions>cpp;c;cxx;rc;def;r;odl;idl;hpj;bat</Extensions>
    </Filter>
    <Filter Include="Header Files">
      <UniqueIdentifier>{6a30e01b-c012-4173-9dd9-addcc570ea74}</UniqueIdentifier>
      <Extensions>h;hpp;hxx;hm;inl</Extensions>
    </Filter>
    <Filter Include="Resource Files">
      <UniqueIdentifier>{3b512454-a232-426a-83cf-fdd639201d5d}</UniqueIdentifier>
      <Extensions>ico;cur;bmp;dlg;rc2;rct;bin;rgs;gif;jpg;jpeg;jpe</Extensions>
    </Filter>
  </ItemGroup>
  <ItemGroup>
    <ClCompile Include="DPCISO.CPP">
      <Filter>Source Files</Filter>
    </ClCompile>
    <ClCompile Include="Msgtrk.cpp">
      <Filter>Source Files</Filter>
    </ClCompile>
    <ClCompile Include="Saf.cpp">
      <Filter>Source Files</Filter>
    </ClCompile>
  </ItemGroup>
  <ItemGroup>
    <None Include="dpciso.def">
      <Filter>Source Files</Filter>
    </None>
  </ItemGroup>
  <ItemGroup>
    <ClInclude Include="..\QUSRINC\dpcsys.h">
      <Filter>Header Files</Filter>
    </ClInclude>
    <ClInclude Include="..\Qusrinc\Iso8583.h">
      <Filter>Header Files</Filter>
    </ClInclude>
    <ClInclude Include="..\QUSRINC\Dpciso.h">
      <Filter>Header Files</Filter>
    </ClInclude>
  </ItemGroup>
  <ItemGroup>
    <ResourceCompile Include="Dpciso.rc">
      <Filter>Resource Files</Filter>
    </ResourceCompile>
  </ItemGroup>
</Project>