<?xml version="1.0" encoding="utf-8"?>
<Project ToolsVersion="4.0" xmlns="http://schemas.microsoft.com/developer/msbuild/2003">
  <ItemGroup>
    <Filter Include="Source Files">
      <UniqueIdentifier>{f8b9bbdd-1935-46a3-98db-0e98b8e884a4}</UniqueIdentifier>
      <Extensions>*.cpp;*.c</Extensions>
    </Filter>
    <Filter Include="Resource files">
      <UniqueIdentifier>{b590f2c5-084e-42ad-9a0a-2a702c1c11d4}</UniqueIdentifier>
      <Extensions>*.rc</Extensions>
    </Filter>
    <Filter Include="Header">
      <UniqueIdentifier>{5726a5f1-9490-41c6-b49d-39ed24c45042}</UniqueIdentifier>
      <Extensions>h</Extensions>
    </Filter>
  </ItemGroup>
  <ItemGroup>
    <ClCompile Include="..\bitstr.cpp">
      <Filter>Source Files</Filter>
    </ClCompile>
    <ClCompile Include="..\field.cpp">
      <Filter>Source Files</Filter>
    </ClCompile>
    <ClCompile Include="..\ISO8583.CPP">
      <Filter>Source Files</Filter>
    </ClCompile>
    <ClCompile Include="..\Isoapp.cpp">
      <Filter>Source Files</Filter>
    </ClCompile>
    <ClCompile Include="..\Isoapplk.cpp">
      <Filter>Source Files</Filter>
    </ClCompile>
    <ClCompile Include="..\testiso.cpp">
      <Filter>Source Files</Filter>
    </ClCompile>
  </ItemGroup>
  <ItemGroup>
    <None Include="..\bitmap1.bmp">
      <Filter>Resource files</Filter>
    </None>
    <None Include="..\icon1.ico">
      <Filter>Resource files</Filter>
    </None>
  </ItemGroup>
  <ItemGroup>
    <ResourceCompile Include="..\ISO8583.rc">
      <Filter>Resource files</Filter>
    </ResourceCompile>
  </ItemGroup>
  <ItemGroup>
    <ClInclude Include="..\..\QUSRINC\dpcsys.h">
      <Filter>Header</Filter>
    </ClInclude>
    <ClInclude Include="..\..\Qusrinc\extrctst.h">
      <Filter>Header</Filter>
    </ClInclude>
    <ClInclude Include="..\..\Qusrinc\Iso8583.h">
      <Filter>Header</Filter>
    </ClInclude>
    <ClInclude Include="..\..\Qusrinc\Isoapp.h">
      <Filter>Header</Filter>
    </ClInclude>
    <ClInclude Include="..\..\Qusrinc\Isoredef.h">
      <Filter>Header</Filter>
    </ClInclude>
  </ItemGroup>
</Project>