<?xml version="1.0" encoding="utf-8"?>
<Project ToolsVersion="4.0" xmlns="http://schemas.microsoft.com/developer/msbuild/2003">
  <ItemGroup>
    <Filter Include="Source files">
      <UniqueIdentifier>{cfb85e75-ad91-45e9-b92a-3ee26164b8e3}</UniqueIdentifier>
      <Extensions>*.cpp;*.c</Extensions>
    </Filter>
    <Filter Include="Resource files">
      <UniqueIdentifier>{5e68cfc5-0155-4841-9ec6-9537f5b19f1f}</UniqueIdentifier>
      <Extensions>*.rc</Extensions>
    </Filter>
    <Filter Include="Header files">
      <UniqueIdentifier>{c5a9de9a-7a0b-4628-be92-347d692767ca}</UniqueIdentifier>
      <Extensions>h</Extensions>
    </Filter>
  </ItemGroup>
  <ItemGroup>
    <ClCompile Include="libmain.cpp">
      <Filter>Source files</Filter>
    </ClCompile>
    <ClCompile Include="rodbc.cpp">
      <Filter>Source files</Filter>
    </ClCompile>
  </ItemGroup>
  <ItemGroup>
    <None Include="rodbc.def">
      <Filter>Source files</Filter>
    </None>
  </ItemGroup>
  <ItemGroup>
    <ResourceCompile Include="rodbc.rc">
      <Filter>Resource files</Filter>
    </ResourceCompile>
  </ItemGroup>
  <ItemGroup>
    <ClInclude Include="..\Qusrinc\odbcdnet.h">
      <Filter>Header files</Filter>
    </ClInclude>
    <ClInclude Include="..\Qusrinc\Rodbc.h">
      <Filter>Header files</Filter>
    </ClInclude>
  </ItemGroup>
</Project>